
Microsoft Visual Studio Solution File, Format Version 12.00
# Visual Studio Version 17
VisualStudioVersion = 17.7.34221.43
MinimumVisualStudioVersion = 10.0.40219.1
Project("{9A19103F-16F7-4668-BE54-9A1E7A4F7556}") = "SoundPanelProto", "SoundPanelProto\SoundPanelProto.csproj", "{389167D7-8A83-4297-92B5-A326733D6AFE}"
EndProject
Global
	GlobalSection(SolutionConfigurationPlatforms) = preSolution
		Debug|Any CPU = Debug|Any CPU
		Release|Any CPU = Release|Any CPU
	EndGlobalSection
	GlobalSection(ProjectConfigurationPlatforms) = postSolution
		{389167D7-8A83-4297-92B5-A326733D6AFE}.Debug|Any CPU.ActiveCfg = Debug|Any CPU
		{389167D7-8A83-4297-92B5-A326733D6AFE}.Debug|Any CPU.Build.0 = Debug|Any CPU
		{389167D7-8A83-4297-92B5-A326733D6AFE}.Release|Any CPU.ActiveCfg = Release|Any CPU
		{389167D7-8A83-4297-92B5-A326733D6AFE}.Release|Any CPU.Build.0 = Release|Any CPU
	EndGlobalSection
	GlobalSection(SolutionProperties) = preSolution
		HideSolutionNode = FALSE
	EndGlobalSection
	GlobalSection(ExtensibilityGlobals) = postSolution
		SolutionGuid = {0F3FBFA5-FF93-4AC9-8F54-B86692215E9D}
	EndGlobalSection
EndGlobal
